
Microsoft Visual Studio Solution File, Format Version 12.00
# Visual Studio Version 17
VisualStudioVersion = 17.10.35027.167
MinimumVisualStudioVersion = 10.0.40219.1
Project("{FAE04EC0-301F-11D3-BF4B-00C04F79EFBC}") = "Learning Selenium", "Learning Selenium.csproj", "{C309A426-6590-4CB9-9A30-FDB5CB5BA220}"
EndProject
Global
	GlobalSection(SolutionConfigurationPlatforms) = preSolution
		Debug|Any CPU = Debug|Any CPU
		Release|Any CPU = Release|Any CPU
	EndGlobalSection
	GlobalSection(ProjectConfigurationPlatforms) = postSolution
		{C309A426-6590-4CB9-9A30-FDB5CB5BA220}.Debug|Any CPU.ActiveCfg = Debug|Any CPU
		{C309A426-6590-4CB9-9A30-FDB5CB5BA220}.Debug|Any CPU.Build.0 = Debug|Any CPU
		{C309A426-6590-4CB9-9A30-FDB5CB5BA220}.Release|Any CPU.ActiveCfg = Release|Any CPU
		{C309A426-6590-4CB9-9A30-FDB5CB5BA220}.Release|Any CPU.Build.0 = Release|Any CPU
	EndGlobalSection
	GlobalSection(SolutionProperties) = preSolution
		HideSolutionNode = FALSE
	EndGlobalSection
	GlobalSection(ExtensibilityGlobals) = postSolution
		SolutionGuid = {7B48050C-C44C-4F06-9E22-A53398BA71E2}
	EndGlobalSection
EndGlobal
